
Microsoft Visual Studio Solution File, Format Version 12.00
# Visual Studio Version 16
VisualStudioVersion = 16.0.30523.141
MinimumVisualStudioVersion = 10.0.40219.1
Project("{8BC9CEB8-8B4A-11D0-8D11-00A0C91BC942}") = "lab13", "lab13.vcxproj", "{51AFB210-2BDD-4BA8-90C5-AE2A13C320FE}"
EndProject
Global
	GlobalSection(SolutionConfigurationPlatforms) = preSolution
		Debug|x64 = Debug|x64
		Debug|x86 = Debug|x86
		Release|x64 = Release|x64
		Release|x86 = Release|x86
	EndGlobalSection
	GlobalSection(ProjectConfigurationPlatforms) = postSolution
		{51AFB210-2BDD-4BA8-90C5-AE2A13C320FE}.Debug|x64.ActiveCfg = Debug|x64
		{51AFB210-2BDD-4BA8-90C5-AE2A13C320FE}.Debug|x64.Build.0 = Debug|x64
		{51AFB210-2BDD-4BA8-90C5-AE2A13C320FE}.Debug|x86.ActiveCfg = Debug|Win32
		{51AFB210-2BDD-4BA8-90C5-AE2A13C320FE}.Debug|x86.Build.0 = Debug|Win32
		{51AFB210-2BDD-4BA8-90C5-AE2A13C320FE}.Release|x64.ActiveCfg = Release|x64
		{51AFB210-2BDD-4BA8-90C5-AE2A13C320FE}.Release|x64.Build.0 = Release|x64
		{51AFB210-2BDD-4BA8-90C5-AE2A13C320FE}.Release|x86.ActiveCfg = Release|Win32
		{51AFB210-2BDD-4BA8-90C5-AE2A13C320FE}.Release|x86.Build.0 = Release|Win32
	EndGlobalSection
	GlobalSection(SolutionProperties) = preSolution
		HideSolutionNode = FALSE
	EndGlobalSection
	GlobalSection(ExtensibilityGlobals) = postSolution
		SolutionGuid = {D3821F00-4423-4EB8-8BC1-8819CD8887F2}
	EndGlobalSection
EndGlobal
