
Microsoft Visual Studio Solution File, Format Version 12.00
# Visual Studio Version 16
VisualStudioVersion = 16.0.30523.141
MinimumVisualStudioVersion = 10.0.40219.1
Project("{8BC9CEB8-8B4A-11D0-8D11-00A0C91BC942}") = "labs", "labs.vcxproj", "{2191DC06-9CFA-49B7-9D55-226E827BED29}"
EndProject
Global
	GlobalSection(SolutionConfigurationPlatforms) = preSolution
		Debug|x64 = Debug|x64
		Debug|x86 = Debug|x86
		Release|x64 = Release|x64
		Release|x86 = Release|x86
	EndGlobalSection
	GlobalSection(ProjectConfigurationPlatforms) = postSolution
		{2191DC06-9CFA-49B7-9D55-226E827BED29}.Debug|x64.ActiveCfg = Debug|x64
		{2191DC06-9CFA-49B7-9D55-226E827BED29}.Debug|x64.Build.0 = Debug|x64
		{2191DC06-9CFA-49B7-9D55-226E827BED29}.Debug|x86.ActiveCfg = Debug|Win32
		{2191DC06-9CFA-49B7-9D55-226E827BED29}.Debug|x86.Build.0 = Debug|Win32
		{2191DC06-9CFA-49B7-9D55-226E827BED29}.Release|x64.ActiveCfg = Release|x64
		{2191DC06-9CFA-49B7-9D55-226E827BED29}.Release|x64.Build.0 = Release|x64
		{2191DC06-9CFA-49B7-9D55-226E827BED29}.Release|x86.ActiveCfg = Release|Win32
		{2191DC06-9CFA-49B7-9D55-226E827BED29}.Release|x86.Build.0 = Release|Win32
	EndGlobalSection
	GlobalSection(SolutionProperties) = preSolution
		HideSolutionNode = FALSE
	EndGlobalSection
	GlobalSection(ExtensibilityGlobals) = postSolution
		SolutionGuid = {DBEAB23C-DC72-47BC-B0CF-83E12FDEC3D6}
	EndGlobalSection
EndGlobal
